<?xml version="1.0" encoding="utf-8"?>
<Project ToolsVersion="4.0" xmlns="http://schemas.microsoft.com/developer/msbuild/2003">
  <ItemGroup>
    <Filter Include="Source Files">
      <UniqueIdentifier>{b045699e-3a44-46d7-beb6-4b0ea849f2f1}</UniqueIdentifier>
      <Extensions>cpp;c;cxx;rc;def;r;odl;idl;hpj;bat</Extensions>
    </Filter>
    <Filter Include="Ini Files">
      <UniqueIdentifier>{10950796-4ed0-427f-9488-ba6e3787e1e4}</UniqueIdentifier>
    </Filter>
    <Filter Include="Image Files">
      <UniqueIdentifier>{80c214f2-776b-49ee-9a6a-b0754e146af3}</UniqueIdentifier>
    </Filter>
  </ItemGroup>
  <ItemGroup>
    <ResourceCompile Include="VisualStudio2012.rc">
      <Filter>Source Files</Filter>
    </ResourceCompile>
  </ItemGroup>
  <ItemGroup>
    <None Include="VisualStudio2012Dark.ini">
      <Filter>Ini Files</Filter>
    </None>
    <None Include="VisualStudio2012Light.ini">
      <Filter>Ini Files</Filter>
    </None>
  </ItemGroup>
</Project>