<?xml version="1.0" encoding="utf-8"?>
<Project ToolsVersion="4.0" xmlns="http://schemas.microsoft.com/developer/msbuild/2003">
  <ItemGroup>
    <Filter Include="Source Files">
      <UniqueIdentifier>{4a683dd6-2802-486f-b1b3-131210802a7a}</UniqueIdentifier>
      <Extensions>cpp;c;cxx;rc;def;r;odl;idl;hpj;bat</Extensions>
    </Filter>
    <Filter Include="Ini Files">
      <UniqueIdentifier>{1af334d1-bda0-4362-871b-59d828a8ea3b}</UniqueIdentifier>
    </Filter>
    <Filter Include="Image Files">
      <UniqueIdentifier>{d8b07628-7d25-4193-873d-24ae82ace6bc}</UniqueIdentifier>
    </Filter>
  </ItemGroup>
  <ItemGroup>
    <ResourceCompile Include="VisualStudio2012.rc">
      <Filter>Source Files</Filter>
    </ResourceCompile>
  </ItemGroup>
  <ItemGroup>
    <None Include="VisualStudio2012Dark.ini">
      <Filter>Ini Files</Filter>
    </None>
    <None Include="VisualStudio2012Light.ini">
      <Filter>Ini Files</Filter>
    </None>
  </ItemGroup>
</Project>